<Solution>
    <Folder Name="/plugins/">
        <Project Path="plugins/LYBox.Plugin.ButtonsInputs/LYBox.Plugin.ButtonsInputs.csproj" />
        <Project Path="plugins/LYBox.Plugin.DateTime/LYBox.Plugin.DateTime.csproj" />
        <Project Path="plugins/LYBox.Plugin.DialogFeedbacks/LYBox.Plugin.DialogFeedbacks.csproj" />
        <Project Path="plugins/LYBox.Plugin.LayoutDisplay/LYBox.Plugin.LayoutDisplay.csproj" />
        <Project Path="plugins/LYBox.Plugin.NavigationMenus/LYBox.Plugin.NavigationMenus.csproj" />
        <Project Path="plugins/LYBox.Plugin.Downloader/LYBox.Plugin.Downloader.csproj" />
        <Project Path="plugins/LYBox.Plugin.TDLSharp/LYBox.Plugin.TDLSharp.csproj" />
        <Project Path="plugins/LYBox.Plugin.Template/LYBox.Plugin.Template.csproj" />
        <Project Path="plugins/LYBox.Plugin.ScottPlot/LYBox.Plugin.ScottPlot.csproj" />
        <Project Path="plugins/LYBox.Plugin.ProDataGrid/LYBox.Plugin.ProDataGrid.csproj" />
        <Project Path="plugins/LYBox.Plugin.WebTemplate/LYBox.Plugin.WebTemplate.csproj" />
        <Project Path="plugins/LYBox.Plugin.BTSou/LYBox.Plugin.BTSou.csproj" />
    </Folder>
</Solution>
